PODS:
  - PersonModel (0.1.1):
    - XPRouter
    - XPRouterPath
  - XPRouter (1.0.2)
  - XPRouterPath (0.1.1)

DEPENDENCIES:
  - PersonModel (from `../`)

SPEC REPOS:
  https://github.com/cocoapods/specs.git:
    - XPRouter
    - XPRouterPath

EXTERNAL SOURCES:
  PersonModel:
    :path: "../"

SPEC CHECKSUMS:
  PersonModel: 0f77a9502caf3b621f9dc0e96d88285e61ce05c7
  XPRouter: 8fca56f6b7bf14c79574bf15a3c1ae60719c81d7
  XPRouterPath: 9608d55701ade1a152acd9d06f87df4b414edbe9

PODFILE CHECKSUM: 88eb29ad1b6515e8e99ea048bde7ba8e995cd07d

COCOAPODS: 1.5.3
